github.com/go-sql-driver/mysql v1.6.0 h1:BCTh4TKNUYmOmMUcQ3IipzF5prigylS7XXjEkfCHuOE=
github.com/go-sql-driver/mysql v1.6.0/go.mod h1:DCzpHaOWr8IXmIStZouvnhqoel9Qv2LBy8hT2VhHyBg=
github.com/paulolucaspires/TRABALHO-PAW v0.0.0-20220606205028-cbc4167e1ed7 h1:uvpcsPtOy9Xud374dzQaChjIFM1gp9upHiaXWA2tZfk=
